
Microsoft Visual Studio Solution File, Format Version 12.00
# Visual Studio 15
VisualStudioVersion = 15.0.27004.2010
MinimumVisualStudioVersion = 10.0.40219.1
Project("{FAE04EC0-301F-11D3-BF4B-00C04F79EFBC}") = "DZ9", "DZ9\DZ9.csproj", "{D33CC2A8-EDE7-49ED-AEA9-E8F2AB5413AB}"
EndProject
Global
	GlobalSection(SolutionConfigurationPlatforms) = preSolution
		Debug|Any CPU = Debug|Any CPU
		Release|Any CPU = Release|Any CPU
	EndGlobalSection
	GlobalSection(ProjectConfigurationPlatforms) = postSolution
		{D33CC2A8-EDE7-49ED-AEA9-E8F2AB5413AB}.Debug|Any CPU.ActiveCfg = Debug|Any CPU
		{D33CC2A8-EDE7-49ED-AEA9-E8F2AB5413AB}.Debug|Any CPU.Build.0 = Debug|Any CPU
		{D33CC2A8-EDE7-49ED-AEA9-E8F2AB5413AB}.Release|Any CPU.ActiveCfg = Release|Any CPU
		{D33CC2A8-EDE7-49ED-AEA9-E8F2AB5413AB}.Release|Any CPU.Build.0 = Release|Any CPU
	EndGlobalSection
	GlobalSection(SolutionProperties) = preSolution
		HideSolutionNode = FALSE
	EndGlobalSection
	GlobalSection(ExtensibilityGlobals) = postSolution
		SolutionGuid = {5BE70CDC-F81B-4169-BE79-6E30AAC41D8D}
	EndGlobalSection
EndGlobal
